
Microsoft Visual Studio Solution File, Format Version 12.00
# Visual Studio 15
VisualStudioVersion = 15.0.27703.2042
MinimumVisualStudioVersion = 10.0.40219.1
Project("{888888A0-9F3D-457C-B088-3A5042F75D52}") = "Jeeves", "Jeeves.pyproj", "{370ADBA3-0B51-4A41-B3AB-4D93007B0134}"
EndProject
Global
	GlobalSection(SolutionConfigurationPlatforms) = preSolution
		Debug|Any CPU = Debug|Any CPU
		Release|Any CPU = Release|Any CPU
	EndGlobalSection
	GlobalSection(ProjectConfigurationPlatforms) = postSolution
		{370ADBA3-0B51-4A41-B3AB-4D93007B0134}.Debug|Any CPU.ActiveCfg = Debug|Any CPU
		{370ADBA3-0B51-4A41-B3AB-4D93007B0134}.Release|Any CPU.ActiveCfg = Release|Any CPU
	EndGlobalSection
	GlobalSection(SolutionProperties) = preSolution
		HideSolutionNode = FALSE
	EndGlobalSection
	GlobalSection(ExtensibilityGlobals) = postSolution
		SolutionGuid = {B5BF10DC-3488-4F8F-A2D5-2948F57CF1DD}
	EndGlobalSection
EndGlobal
